# This file was autogenerated by uv via the following command:
#    uv pip compile pyproject.toml --extra dev --universal --python-version 3.12 -o requirements.lock
altgraph==0.17.5
    # via
    #   macholib
    #   pyinstaller
cadquery-ocp==7.8.1.1.post1
    # via virtual-assembly-workbench (pyproject.toml)
colorama==0.4.6 ; sys_platform == 'win32'
    # via pytest
contourpy==1.4.0
    # via matplotlib
cycler==0.12.1
    # via matplotlib
fonttools==4.65.0
    # via matplotlib
iniconfig==2.3.0
    # via pytest
kiwisolver==1.5.1
    # via matplotlib
macholib==1.16.4 ; sys_platform == 'darwin'
    # via pyinstaller
matplotlib==3.11.2
    # via vtk
numpy==2.3.5
    # via
    #   virtual-assembly-workbench (pyproject.toml)
    #   contourpy
    #   matplotlib
    #   scipy
packaging==26.3
    # via
    #   matplotlib
    #   pyinstaller
    #   pyinstaller-hooks-contrib
    #   pytest
pefile==2023.2.7 ; sys_platform == 'win32'
    # via pyinstaller
pillow==12.3.0
    # via matplotlib
pluggy==1.6.0
    # via
    #   pytest
    #   pytest-qt
pygments==2.21.0
    # via pytest
pyinstaller==6.16.0
    # via virtual-assembly-workbench (pyproject.toml)
pyinstaller-hooks-contrib==2026.7
    # via pyinstaller
pyparsing==3.3.2
    # via matplotlib
pyside6==6.8.3
    # via virtual-assembly-workbench (pyproject.toml)
pyside6-addons==6.8.3
    # via pyside6
pyside6-essentials==6.8.3
    # via
    #   pyside6
    #   pyside6-addons
pytest==8.4.2
    # via
    #   virtual-assembly-workbench (pyproject.toml)
    #   pytest-qt
pytest-qt==4.5.0
    # via virtual-assembly-workbench (pyproject.toml)
python-dateutil==2.9.0.post0
    # via matplotlib
pywin32-ctypes==0.2.3 ; sys_platform == 'win32'
    # via pyinstaller
scipy==1.17.0
    # via virtual-assembly-workbench (pyproject.toml)
setuptools==84.0.0
    # via pyinstaller
shiboken6==6.8.3
    # via
    #   pyside6
    #   pyside6-addons
    #   pyside6-essentials
six==1.17.0
    # via python-dateutil
small-gicp==1.0.0
    # via virtual-assembly-workbench (pyproject.toml)
typing-extensions==4.16.0
    # via pytest-qt
vtk==9.3.1
    # via
    #   virtual-assembly-workbench (pyproject.toml)
    #   cadquery-ocp
